schema: '2.0'
stages:
  get_data:
    cmd: python scripts/data.py
    deps:
    - path: scripts/data.py
      hash: md5
      md5: 0cb91ccf334d3a8c724bcfb33d59cc59
      size: 1495
    params:
      params.yaml:
        index_col: customer_id
    outs:
    - path: data/initial_data.csv
      hash: md5
      md5: 531e9d9e398026998d0f419290e8cf9e
      size: 806086
      cloud:
        my_storage:
          etag: 531e9d9e398026998d0f419290e8cf9e
          version_id: 000644946CE42E4A
  fit_model:
    cmd: python scripts/fit.py
    deps:
    - path: data/initial_data.csv
      hash: md5
      md5: 531e9d9e398026998d0f419290e8cf9e
      size: 806086
    - path: scripts/fit.py
      hash: md5
      md5: 45a3a79e177663d243d2f4186ca5485d
      size: 2323
    params:
      params.yaml:
        auto_class_weights: Balanced
        index_col: customer_id
        one_hot_drop: if_binary
        target_col: target
    outs:
    - path: models/fitted_model.pkl
      hash: md5
      md5: 8b389617cac07d734c9977cdeae0ffb7
      size: 1103135
      cloud:
        my_storage:
          etag: 8b389617cac07d734c9977cdeae0ffb7
          version_id: 000644946CE32B08
  evaluate_model:
    cmd: python scripts/evaluate.py
    deps:
    - path: models/fitted_model.pkl
      hash: md5
      md5: 8b389617cac07d734c9977cdeae0ffb7
      size: 1103135
    - path: scripts/evaluate.py
      hash: md5
      md5: 2c709b7822f61bf2fc64b700a80237f0
      size: 1639
    params:
      params.yaml:
        index_col: customer_id
        metrics:
        - f1
        - roc_auc
        n_jobs: -1
        n_splits: 5
        target_col: target
    outs:
    - path: cv_results/cv_res.json
      hash: md5
      md5: d98e62070b49e9b337326e768591073b
      size: 81
      cloud:
        my_storage:
          etag: d98e62070b49e9b337326e768591073b
          version_id: 000644946CE3ED78
