schema: '2.0'
stages:
  get_data:
    cmd: python scripts/data.py
    deps:
    - path: scripts/data.py
      hash: md5
      md5: 28eb09c6244d1fd4e0f4498181a55785
      size: 1538
    params:
      params.yaml:
        index_col: customer_id
    outs:
    - path: data/initial_data.csv
      hash: md5
      md5: 499273cb20f9f0c8c64a943524c23719
      size: 799034
  fit_model:
    cmd: python scripts/fit.py
    deps:
    - path: data/initial_data.csv
      hash: md5
      md5: 499273cb20f9f0c8c64a943524c23719
      size: 799034
    - path: scripts/fit.py
      hash: md5
      md5: 36391dc95d9a0eddf0b8cd9e01bc6b95
      size: 2311
    params:
      params.yaml:
        C: 1.0
        index_col: customer_id
        one_hot_drop: if_binary
        penalty: l2
        target_col: target
    outs:
    - path: models/fitted_model.pkl
      hash: md5
      md5: 645bb70a19bf17505d80d867022fc533
      size: 11006
  evaluate_model:
    cmd: python scripts/evaluate.py
    deps:
    - path: models/fitted_model.pkl
      hash: md5
      md5: 645bb70a19bf17505d80d867022fc533
      size: 11006
    - path: scripts/evaluate.py
      hash: md5
      md5: 2c709b7822f61bf2fc64b700a80237f0
      size: 1639
    params:
      params.yaml:
        index_col: customer_id
        metrics:
        - f1
        - roc_auc
        n_jobs: -1
        n_splits: 5
        target_col: target
    outs:
    - path: cv_results/cv_res.json
      hash: md5
      md5: 38da2730f09f781aa03f0b0dde754c76
      size: 81
